
Microsoft Visual Studio Solution File, Format Version 12.00
# Visual Studio Version 17
VisualStudioVersion = 17.5.33414.496
MinimumVisualStudioVersion = 10.0.40219.1
Project("{FAE04EC0-301F-11D3-BF4B-00C04F79EFBC}") = "SimpleCalculator", "SimpleCalculator.csproj", "{6A0B93EE-EDB8-4A0C-8206-7DFDD9B31CDA}"
EndProject
Project("{FAE04EC0-301F-11D3-BF4B-00C04F79EFBC}") = "SimpleCalculator.Test.Unit", "..\SimpleCalculator.Test.Unit\SimpleCalculator.Test.Unit.csproj", "{18830B54-BB2A-4F1D-B360-79CE46972B74}"
EndProject
Global
	GlobalSection(SolutionConfigurationPlatforms) = preSolution
		Debug|Any CPU = Debug|Any CPU
		Release|Any CPU = Release|Any CPU
	EndGlobalSection
	GlobalSection(ProjectConfigurationPlatforms) = postSolution
		{6A0B93EE-EDB8-4A0C-8206-7DFDD9B31CDA}.Debug|Any CPU.ActiveCfg = Debug|Any CPU
		{6A0B93EE-EDB8-4A0C-8206-7DFDD9B31CDA}.Debug|Any CPU.Build.0 = Debug|Any CPU
		{6A0B93EE-EDB8-4A0C-8206-7DFDD9B31CDA}.Release|Any CPU.ActiveCfg = Release|Any CPU
		{6A0B93EE-EDB8-4A0C-8206-7DFDD9B31CDA}.Release|Any CPU.Build.0 = Release|Any CPU
		{18830B54-BB2A-4F1D-B360-79CE46972B74}.Debug|Any CPU.ActiveCfg = Debug|Any CPU
		{18830B54-BB2A-4F1D-B360-79CE46972B74}.Debug|Any CPU.Build.0 = Debug|Any CPU
		{18830B54-BB2A-4F1D-B360-79CE46972B74}.Release|Any CPU.ActiveCfg = Release|Any CPU
		{18830B54-BB2A-4F1D-B360-79CE46972B74}.Release|Any CPU.Build.0 = Release|Any CPU
	EndGlobalSection
	GlobalSection(SolutionProperties) = preSolution
		HideSolutionNode = FALSE
	EndGlobalSection
	GlobalSection(ExtensibilityGlobals) = postSolution
		SolutionGuid = {C6C9E3DC-94F5-4B9B-A651-1865178E1C1F}
	EndGlobalSection
EndGlobal
